
Microsoft Visual Studio Solution File, Format Version 12.00
# Visual Studio 15
VisualStudioVersion = 15.0.28010.2016
MinimumVisualStudioVersion = 10.0.40219.1
Project("{FAE04EC0-301F-11D3-BF4B-00C04F79EFBC}") = "ScreenCaptureApp", "WpfApp1\ScreenCaptureApp.csproj", "{81F2987E-D8B8-4631-82F9-825426B7B046}"
EndProject
Project("{54435603-DBB4-11D2-8724-00A0C9A8B90C}") = "CaptureScreen", "CaptureScreen\CaptureScreen.vdproj", "{35578A88-71FF-4A8A-AB40-B84F528A95D3}"
EndProject
Global
	GlobalSection(SolutionConfigurationPlatforms) = preSolution
		Debug|Any CPU = Debug|Any CPU
		Release|Any CPU = Release|Any CPU
	EndGlobalSection
	GlobalSection(ProjectConfigurationPlatforms) = postSolution
		{81F2987E-D8B8-4631-82F9-825426B7B046}.Debug|Any CPU.ActiveCfg = Debug|Any CPU
		{81F2987E-D8B8-4631-82F9-825426B7B046}.Debug|Any CPU.Build.0 = Debug|Any CPU
		{81F2987E-D8B8-4631-82F9-825426B7B046}.Release|Any CPU.ActiveCfg = Release|Any CPU
		{81F2987E-D8B8-4631-82F9-825426B7B046}.Release|Any CPU.Build.0 = Release|Any CPU
		{35578A88-71FF-4A8A-AB40-B84F528A95D3}.Debug|Any CPU.ActiveCfg = Debug
		{35578A88-71FF-4A8A-AB40-B84F528A95D3}.Release|Any CPU.ActiveCfg = Release
	EndGlobalSection
	GlobalSection(SolutionProperties) = preSolution
		HideSolutionNode = FALSE
	EndGlobalSection
	GlobalSection(ExtensibilityGlobals) = postSolution
		SolutionGuid = {70317599-CA2F-4176-B7E7-E3C754DF1383}
	EndGlobalSection
EndGlobal
